# This file is automatically @generated by Cargo.
# It is not intended for manual editing.
version = 4

[[package]]
name = "claw-application"
version = "0.1.0"
dependencies = [
 "claw-domain",
 "claw-protocol",
]

[[package]]
name = "claw-domain"
version = "0.1.0"

[[package]]
name = "claw-platform"
version = "0.1.0"
dependencies = [
 "claw-application",
 "claw-protocol",
]

[[package]]
name = "claw-protocol"
version = "0.1.0"
dependencies = [
 "claw-domain",
]

[[package]]
name = "gta-claw-cli"
version = "0.1.0"
dependencies = [
 "claw-application",
 "claw-platform",
 "claw-protocol",
]

[[package]]
name = "gta-claw-daemon"
version = "0.1.0"
dependencies = [
 "claw-application",
 "claw-platform",
 "claw-protocol",
]
